
Microsoft Visual Studio Solution File, Format Version 12.00
# Visual Studio Version 16
VisualStudioVersion = 25.0.1705.7
MinimumVisualStudioVersion = 10.0.40219.1
Project("{FAE04EC0-301F-11D3-BF4B-00C04F79EFBC}") = "LearningGit", "LearningGit\LearningGit.csproj", "{D111C956-A439-4135-A54F-D7FB1293EC2D}"
EndProject
Global
	GlobalSection(SolutionConfigurationPlatforms) = preSolution
		Debug|Any CPU = Debug|Any CPU
		Release|Any CPU = Release|Any CPU
	EndGlobalSection
	GlobalSection(ProjectConfigurationPlatforms) = postSolution
		{D111C956-A439-4135-A54F-D7FB1293EC2D}.Debug|Any CPU.ActiveCfg = Debug|Any CPU
		{D111C956-A439-4135-A54F-D7FB1293EC2D}.Debug|Any CPU.Build.0 = Debug|Any CPU
		{D111C956-A439-4135-A54F-D7FB1293EC2D}.Release|Any CPU.ActiveCfg = Release|Any CPU
		{D111C956-A439-4135-A54F-D7FB1293EC2D}.Release|Any CPU.Build.0 = Release|Any CPU
	EndGlobalSection
	GlobalSection(SolutionProperties) = preSolution
		HideSolutionNode = FALSE
	EndGlobalSection
	GlobalSection(ExtensibilityGlobals) = postSolution
		SolutionGuid = {8D345BE9-6450-47FE-AEF7-07B52DD4D1BB}
	EndGlobalSection
EndGlobal
